{
	"name": "gatsby-plugin-metax",
	"version": "0.17.0",
	"lockfileVersion": 1,
	"requires": true,
	"dependencies": {
		"metax": {
			"version": "0.16.0",
			"resolved": "https://registry.npmjs.org/metax/-/metax-0.16.0.tgz",
			"integrity": "sha512-LJgEyb+9EBkfvZvrWeySXM5AY8RbXPLWMygr8HgEmG2052U+01KSWDAWotUI9FwAoEGsBJMkyRwLS/PZFrbhCA==",
			"dev": true
		}
	}
}
